// !$*UTF8*$!
{
	archiveVersion = 1;
	classes = {
	};
	objectVersion = 46;
	objects = {

/* Begin PBXFileReference section */
		7A8C12A21BBCE1E8005CFD5A /* L3-Variables.playground */ = {isa = PBXFileReference; lastKnownFileType = file.playground; path = "L3-Variables.playground"; sourceTree = "<group>"; };
		7A8C12A31BBCE23B005CFD5A /* L4-Numbers.playground */ = {isa = PBXFileReference; lastKnownFileType = file.playground; path = "L4-Numbers.playground"; sourceTree = "<group>"; };
		7A8C12A41BBCE48A005CFD5A /* L5-Conditional.playground */ = {isa = PBXFileReference; lastKnownFileType = file.playground; path = "L5-Conditional.playground"; sourceTree = "<group>"; };
		7A8C12A51BBCE7B4005CFD5A /* L6-Loops.playground */ = {isa = PBXFileReference; lastKnownFileType = file.playground; path = "L6-Loops.playground"; sourceTree = "<group>"; };
		7ACFC92E1BF81E1C00A5D49E /* L16-Classes.playground */ = {isa = PBXFileReference; lastKnownFileType = file.playground; path = "L16-Classes.playground"; sourceTree = "<group>"; };
		7ACFC92F1C01864500A5D49E /* L17-classes.playground */ = {isa = PBXFileReference; lastKnownFileType = file.playground; path = "L17-classes.playground"; sourceTree = "<group>"; };
		7ACFC9301C023FD600A5D49E /* readme.md */ = {isa = PBXFileReference; lastKnownFileType = net.daringfireball.markdown; path = readme.md; sourceTree = "<group>"; };
/* End PBXFileReference section */

/* Begin PBXGroup section */
		7A5222F91BBCE05B00A74DCD = {
			isa = PBXGroup;
			children = (
				7ACFC9301C023FD600A5D49E /* readme.md */,
				7A8C12A11BBCE1D4005CFD5A /* Lessons */,
			);
			sourceTree = "<group>";
		};
		7A8C12A11BBCE1D4005CFD5A /* Lessons */ = {
			isa = PBXGroup;
			children = (
				7A8C12A21BBCE1E8005CFD5A /* L3-Variables.playground */,
				7A8C12A31BBCE23B005CFD5A /* L4-Numbers.playground */,
				7A8C12A41BBCE48A005CFD5A /* L5-Conditional.playground */,
				7A8C12A51BBCE7B4005CFD5A /* L6-Loops.playground */,
				7ACFC92E1BF81E1C00A5D49E /* L16-Classes.playground */,
				7ACFC92F1C01864500A5D49E /* L17-classes.playground */,
			);
			name = Lessons;
			sourceTree = "<group>";
		};
/* End PBXGroup section */

/* Begin PBXProject section */
		7A5222FA1BBCE05B00A74DCD /* Project object */ = {
			isa = PBXProject;
			attributes = {
				LastUpgradeCheck = 0710;
			};
			buildConfigurationList = 7A5222FD1BBCE05B00A74DCD /* Build configuration list for PBXProject "learn-swift" */;
			compatibilityVersion = "Xcode 3.2";
			developmentRegion = English;
			hasScannedForEncodings = 0;
			knownRegions = (
				en,
			);
			mainGroup = 7A5222F91BBCE05B00A74DCD;
			projectDirPath = "";
			projectRoot = "";
			targets = (
			);
		};
/* End PBXProject section */

/* Begin XCBuildConfiguration section */
		7A5222FE1BBCE05B00A74DCD /* Debug */ = {
			isa = XCBuildConfiguration;
			buildSettings = {
				ENABLE_TESTABILITY = YES;
				ONLY_ACTIVE_ARCH = YES;
			};
			name = Debug;
		};
		7A5222FF1BBCE05B00A74DCD /* Release */ = {
			isa = XCBuildConfiguration;
			buildSettings = {
			};
			name = Release;
		};
/* End XCBuildConfiguration section */

/* Begin XCConfigurationList section */
		7A5222FD1BBCE05B00A74DCD /* Build configuration list for PBXProject "learn-swift" */ = {
			isa = XCConfigurationList;
			buildConfigurations = (
				7A5222FE1BBCE05B00A74DCD /* Debug */,
				7A5222FF1BBCE05B00A74DCD /* Release */,
			);
			defaultConfigurationIsVisible = 0;
			defaultConfigurationName = Release;
		};
/* End XCConfigurationList section */
	};
	rootObject = 7A5222FA1BBCE05B00A74DCD /* Project object */;
}
